
Microsoft Visual Studio Solution File, Format Version 12.00
# Visual Studio Version 17
VisualStudioVersion = 17.0.31903.59
MinimumVisualStudioVersion = 10.0.40219.1
Project("{FAE04EC0-301F-11D3-BF4B-00C04F79EFBC}") = "UnitedKingdom.Cefas.Client", "UnitedKingdom.Cefas.Client\UnitedKingdom.Cefas.Client.csproj", "{7BC7FB3F-8DC4-43B1-AAE8-6AF93B61AC5A}"
EndProject
Project("{FAE04EC0-301F-11D3-BF4B-00C04F79EFBC}") = "UnitedKingdom.Cefas.Client.Tests", "UnitedKingdom.Cefas.Client.Tests\UnitedKingdom.Cefas.Client.Tests.csproj", "{6AE0B754-19F0-4947-81BD-07711E98B756}"
EndProject
Global
	GlobalSection(SolutionConfigurationPlatforms) = preSolution
		Debug|Any CPU = Debug|Any CPU
		Release|Any CPU = Release|Any CPU
	EndGlobalSection
	GlobalSection(SolutionProperties) = preSolution
		HideSolutionNode = FALSE
	EndGlobalSection
	GlobalSection(ProjectConfigurationPlatforms) = postSolution
		{7BC7FB3F-8DC4-43B1-AAE8-6AF93B61AC5A}.Debug|Any CPU.ActiveCfg = Debug|Any CPU
		{7BC7FB3F-8DC4-43B1-AAE8-6AF93B61AC5A}.Debug|Any CPU.Build.0 = Debug|Any CPU
		{7BC7FB3F-8DC4-43B1-AAE8-6AF93B61AC5A}.Release|Any CPU.ActiveCfg = Release|Any CPU
		{7BC7FB3F-8DC4-43B1-AAE8-6AF93B61AC5A}.Release|Any CPU.Build.0 = Release|Any CPU
		{6AE0B754-19F0-4947-81BD-07711E98B756}.Debug|Any CPU.ActiveCfg = Debug|Any CPU
		{6AE0B754-19F0-4947-81BD-07711E98B756}.Debug|Any CPU.Build.0 = Debug|Any CPU
		{6AE0B754-19F0-4947-81BD-07711E98B756}.Release|Any CPU.ActiveCfg = Release|Any CPU
		{6AE0B754-19F0-4947-81BD-07711E98B756}.Release|Any CPU.Build.0 = Release|Any CPU
	EndGlobalSection
EndGlobal
